
Microsoft Visual Studio Solution File, Format Version 12.00
# Visual Studio 15
VisualStudioVersion = 15.0.28010.2041
MinimumVisualStudioVersion = 10.0.40219.1
Project("{FAE04EC0-301F-11D3-BF4B-00C04F79EFBC}") = "MSClient", "MSClient\MSClient.csproj", "{71CD294F-D776-452A-8FB4-DC7D4599DAB3}"
EndProject
Global
	GlobalSection(SolutionConfigurationPlatforms) = preSolution
		Debug|Any CPU = Debug|Any CPU
		Release|Any CPU = Release|Any CPU
	EndGlobalSection
	GlobalSection(ProjectConfigurationPlatforms) = postSolution
		{71CD294F-D776-452A-8FB4-DC7D4599DAB3}.Debug|Any CPU.ActiveCfg = Debug|Any CPU
		{71CD294F-D776-452A-8FB4-DC7D4599DAB3}.Debug|Any CPU.Build.0 = Debug|Any CPU
		{71CD294F-D776-452A-8FB4-DC7D4599DAB3}.Release|Any CPU.ActiveCfg = Release|Any CPU
		{71CD294F-D776-452A-8FB4-DC7D4599DAB3}.Release|Any CPU.Build.0 = Release|Any CPU
	EndGlobalSection
	GlobalSection(SolutionProperties) = preSolution
		HideSolutionNode = FALSE
	EndGlobalSection
	GlobalSection(ExtensibilityGlobals) = postSolution
		SolutionGuid = {60A32D8C-E4C8-45E6-AB5E-D1775501CB81}
	EndGlobalSection
EndGlobal
