
Microsoft Visual Studio Solution File, Format Version 12.00
# Visual Studio 15
VisualStudioVersion = 15.0.28010.2041
MinimumVisualStudioVersion = 10.0.40219.1
Project("{9A19103F-16F7-4668-BE54-9A1E7A4F7556}") = "Monosoft.Common.DTO", "..\..\Common\Monosoft.Common.DTO\Monosoft.Common.DTO.csproj", "{4857393F-B93C-4F11-A755-2250E1A46204}"
EndProject
Project("{9A19103F-16F7-4668-BE54-9A1E7A4F7556}") = "Monosoft.Common.Utils", "..\..\Common\Monosoft.Common.Utils\Monosoft.Common.Utils.csproj", "{3C91ABE8-93A4-42EE-909F-E9E3F2FCC014}"
EndProject
Project("{9A19103F-16F7-4668-BE54-9A1E7A4F7556}") = "Monosoft.Common.MessageQueue", "..\..\Common\Monosoft.Common.MessageQueue\Monosoft.Common.MessageQueue.csproj", "{F03645D3-A163-4536-AFD7-4B955D44A840}"
EndProject
Project("{9A19103F-16F7-4668-BE54-9A1E7A4F7556}") = "Monosoft.Auth.DTO", "..\Monosoft.Auth.DTO\Monosoft.Auth.DTO.csproj", "{FD9D5C7A-DDB1-434C-AE6C-BD365EEEA380}"
EndProject
Project("{9A19103F-16F7-4668-BE54-9A1E7A4F7556}") = "Monosoft.Common.TokenHandler", "..\..\Common\Monosoft.Common.TokenHandler\Monosoft.Common.TokenHandler.csproj", "{A75FECB8-9FC8-4C02-9D8C-8088CAAD7B49}"
EndProject
Project("{9A19103F-16F7-4668-BE54-9A1E7A4F7556}") = "Monosoft.ServiceStore.Service", "Monosoft.ServiceStore.Service\Monosoft.ServiceStore.Service.csproj", "{D469CAE8-FB88-4341-BEAF-16E0D51D45F3}"
EndProject
Global
	GlobalSection(SolutionConfigurationPlatforms) = preSolution
		Debug|Any CPU = Debug|Any CPU
		Release|Any CPU = Release|Any CPU
	EndGlobalSection
	GlobalSection(ProjectConfigurationPlatforms) = postSolution
		{4857393F-B93C-4F11-A755-2250E1A46204}.Debug|Any CPU.ActiveCfg = Debug|Any CPU
		{4857393F-B93C-4F11-A755-2250E1A46204}.Debug|Any CPU.Build.0 = Debug|Any CPU
		{4857393F-B93C-4F11-A755-2250E1A46204}.Release|Any CPU.ActiveCfg = Release|Any CPU
		{4857393F-B93C-4F11-A755-2250E1A46204}.Release|Any CPU.Build.0 = Release|Any CPU
		{3C91ABE8-93A4-42EE-909F-E9E3F2FCC014}.Debug|Any CPU.ActiveCfg = Debug|Any CPU
		{3C91ABE8-93A4-42EE-909F-E9E3F2FCC014}.Debug|Any CPU.Build.0 = Debug|Any CPU
		{3C91ABE8-93A4-42EE-909F-E9E3F2FCC014}.Release|Any CPU.ActiveCfg = Release|Any CPU
		{3C91ABE8-93A4-42EE-909F-E9E3F2FCC014}.Release|Any CPU.Build.0 = Release|Any CPU
		{F03645D3-A163-4536-AFD7-4B955D44A840}.Debug|Any CPU.ActiveCfg = Debug|Any CPU
		{F03645D3-A163-4536-AFD7-4B955D44A840}.Debug|Any CPU.Build.0 = Debug|Any CPU
		{F03645D3-A163-4536-AFD7-4B955D44A840}.Release|Any CPU.ActiveCfg = Release|Any CPU
		{F03645D3-A163-4536-AFD7-4B955D44A840}.Release|Any CPU.Build.0 = Release|Any CPU
		{FD9D5C7A-DDB1-434C-AE6C-BD365EEEA380}.Debug|Any CPU.ActiveCfg = Debug|Any CPU
		{FD9D5C7A-DDB1-434C-AE6C-BD365EEEA380}.Debug|Any CPU.Build.0 = Debug|Any CPU
		{FD9D5C7A-DDB1-434C-AE6C-BD365EEEA380}.Release|Any CPU.ActiveCfg = Release|Any CPU
		{FD9D5C7A-DDB1-434C-AE6C-BD365EEEA380}.Release|Any CPU.Build.0 = Release|Any CPU
		{A75FECB8-9FC8-4C02-9D8C-8088CAAD7B49}.Debug|Any CPU.ActiveCfg = Debug|Any CPU
		{A75FECB8-9FC8-4C02-9D8C-8088CAAD7B49}.Debug|Any CPU.Build.0 = Debug|Any CPU
		{A75FECB8-9FC8-4C02-9D8C-8088CAAD7B49}.Release|Any CPU.ActiveCfg = Release|Any CPU
		{A75FECB8-9FC8-4C02-9D8C-8088CAAD7B49}.Release|Any CPU.Build.0 = Release|Any CPU
		{D469CAE8-FB88-4341-BEAF-16E0D51D45F3}.Debug|Any CPU.ActiveCfg = Debug|Any CPU
		{D469CAE8-FB88-4341-BEAF-16E0D51D45F3}.Debug|Any CPU.Build.0 = Debug|Any CPU
		{D469CAE8-FB88-4341-BEAF-16E0D51D45F3}.Release|Any CPU.ActiveCfg = Release|Any CPU
		{D469CAE8-FB88-4341-BEAF-16E0D51D45F3}.Release|Any CPU.Build.0 = Release|Any CPU
	EndGlobalSection
	GlobalSection(SolutionProperties) = preSolution
		HideSolutionNode = FALSE
	EndGlobalSection
	GlobalSection(ExtensibilityGlobals) = postSolution
		SolutionGuid = {2C87A1F0-0A79-488E-9745-B598C7207C40}
	EndGlobalSection
EndGlobal
